
Microsoft Visual Studio Solution File, Format Version 12.00
# Visual Studio Version 17
VisualStudioVersion = 17.10.34916.146
MinimumVisualStudioVersion = 10.0.40219.1
Project("{9A19103F-16F7-4668-BE54-9A1E7A4F7556}") = "BuildingTelemetry", "BuildingTelemetry.csproj", "{043ED4E9-1299-4CF5-B8EF-E05EED88A378}"
EndProject
Global
	GlobalSection(SolutionConfigurationPlatforms) = preSolution
		Debug|Any CPU = Debug|Any CPU
		Release|Any CPU = Release|Any CPU
	EndGlobalSection
	GlobalSection(ProjectConfigurationPlatforms) = postSolution
		{043ED4E9-1299-4CF5-B8EF-E05EED88A378}.Debug|Any CPU.ActiveCfg = Debug|Any CPU
		{043ED4E9-1299-4CF5-B8EF-E05EED88A378}.Debug|Any CPU.Build.0 = Debug|Any CPU
		{043ED4E9-1299-4CF5-B8EF-E05EED88A378}.Release|Any CPU.ActiveCfg = Release|Any CPU
		{043ED4E9-1299-4CF5-B8EF-E05EED88A378}.Release|Any CPU.Build.0 = Release|Any CPU
	EndGlobalSection
	GlobalSection(SolutionProperties) = preSolution
		HideSolutionNode = FALSE
	EndGlobalSection
	GlobalSection(ExtensibilityGlobals) = postSolution
		SolutionGuid = {869D2DE6-FC01-48F3-A85B-739A06B679D9}
	EndGlobalSection
EndGlobal
